
Microsoft Visual Studio Solution File, Format Version 12.00
# Visual Studio Version 17
VisualStudioVersion = 17.0.31903.59
MinimumVisualStudioVersion = 10.0.40219.1
Project("{FAE04EC0-301F-11D3-BF4B-00C04F79EFBC}") = "SmoothOperator", "SmoothOperator\SmoothOperator.csproj", "{A0598500-8E50-4CD4-9701-59888F609F0E}"
EndProject
Project("{FAE04EC0-301F-11D3-BF4B-00C04F79EFBC}") = "Cilindro", "Cilindro\Cilindro.csproj", "{C600DD85-26B4-4131-985C-417FA08AEA8F}"
EndProject
Project("{FAE04EC0-301F-11D3-BF4B-00C04F79EFBC}") = "ValoresEspeciais", "ValoresEspeciais\ValoresEspeciais.csproj", "{9CAB77B6-5284-4538-8CE8-2483AFD0655F}"
EndProject
Project("{FAE04EC0-301F-11D3-BF4B-00C04F79EFBC}") = "IfExample", "IfExample\IfExample.csproj", "{4438296E-6177-46E0-9BE7-AC8ACFE13F02}"
EndProject
Project("{FAE04EC0-301F-11D3-BF4B-00C04F79EFBC}") = "ChatGPTZero", "ChatGPTZero\ChatGPTZero.csproj", "{504A14F7-4FF5-48B1-9FC7-2538C6AFD0ED}"
EndProject
Project("{FAE04EC0-301F-11D3-BF4B-00C04F79EFBC}") = "BreakContinue", "BreakContinue\BreakContinue.csproj", "{C3C0D759-A642-40EC-8D9C-8C1A85127631}"
EndProject
Global
	GlobalSection(SolutionConfigurationPlatforms) = preSolution
		Debug|Any CPU = Debug|Any CPU
		Release|Any CPU = Release|Any CPU
	EndGlobalSection
	GlobalSection(SolutionProperties) = preSolution
		HideSolutionNode = FALSE
	EndGlobalSection
	GlobalSection(ProjectConfigurationPlatforms) = postSolution
		{A0598500-8E50-4CD4-9701-59888F609F0E}.Debug|Any CPU.ActiveCfg = Debug|Any CPU
		{A0598500-8E50-4CD4-9701-59888F609F0E}.Debug|Any CPU.Build.0 = Debug|Any CPU
		{A0598500-8E50-4CD4-9701-59888F609F0E}.Release|Any CPU.ActiveCfg = Release|Any CPU
		{A0598500-8E50-4CD4-9701-59888F609F0E}.Release|Any CPU.Build.0 = Release|Any CPU
		{C600DD85-26B4-4131-985C-417FA08AEA8F}.Debug|Any CPU.ActiveCfg = Debug|Any CPU
		{C600DD85-26B4-4131-985C-417FA08AEA8F}.Debug|Any CPU.Build.0 = Debug|Any CPU
		{C600DD85-26B4-4131-985C-417FA08AEA8F}.Release|Any CPU.ActiveCfg = Release|Any CPU
		{C600DD85-26B4-4131-985C-417FA08AEA8F}.Release|Any CPU.Build.0 = Release|Any CPU
		{9CAB77B6-5284-4538-8CE8-2483AFD0655F}.Debug|Any CPU.ActiveCfg = Debug|Any CPU
		{9CAB77B6-5284-4538-8CE8-2483AFD0655F}.Debug|Any CPU.Build.0 = Debug|Any CPU
		{9CAB77B6-5284-4538-8CE8-2483AFD0655F}.Release|Any CPU.ActiveCfg = Release|Any CPU
		{9CAB77B6-5284-4538-8CE8-2483AFD0655F}.Release|Any CPU.Build.0 = Release|Any CPU
		{4438296E-6177-46E0-9BE7-AC8ACFE13F02}.Debug|Any CPU.ActiveCfg = Debug|Any CPU
		{4438296E-6177-46E0-9BE7-AC8ACFE13F02}.Debug|Any CPU.Build.0 = Debug|Any CPU
		{4438296E-6177-46E0-9BE7-AC8ACFE13F02}.Release|Any CPU.ActiveCfg = Release|Any CPU
		{4438296E-6177-46E0-9BE7-AC8ACFE13F02}.Release|Any CPU.Build.0 = Release|Any CPU
		{504A14F7-4FF5-48B1-9FC7-2538C6AFD0ED}.Debug|Any CPU.ActiveCfg = Debug|Any CPU
		{504A14F7-4FF5-48B1-9FC7-2538C6AFD0ED}.Debug|Any CPU.Build.0 = Debug|Any CPU
		{504A14F7-4FF5-48B1-9FC7-2538C6AFD0ED}.Release|Any CPU.ActiveCfg = Release|Any CPU
		{504A14F7-4FF5-48B1-9FC7-2538C6AFD0ED}.Release|Any CPU.Build.0 = Release|Any CPU
		{C3C0D759-A642-40EC-8D9C-8C1A85127631}.Debug|Any CPU.ActiveCfg = Debug|Any CPU
		{C3C0D759-A642-40EC-8D9C-8C1A85127631}.Debug|Any CPU.Build.0 = Debug|Any CPU
		{C3C0D759-A642-40EC-8D9C-8C1A85127631}.Release|Any CPU.ActiveCfg = Release|Any CPU
		{C3C0D759-A642-40EC-8D9C-8C1A85127631}.Release|Any CPU.Build.0 = Release|Any CPU
	EndGlobalSection
EndGlobal
